
Microsoft Visual Studio Solution File, Format Version 12.00
# Visual Studio Version 17
VisualStudioVersion = 17.6.33829.357
MinimumVisualStudioVersion = 10.0.40219.1
Project("{FAE04EC0-301F-11D3-BF4B-00C04F79EFBC}") = "BlazorTemplateWithAuthentication.Server", "BlazorTemplateWithAuthentication\Server\BlazorTemplateWithAuthentication.Server.csproj", "{C5766C43-FACB-44E8-89B1-6361B919300E}"
EndProject
Project("{FAE04EC0-301F-11D3-BF4B-00C04F79EFBC}") = "BlazorTemplateWithAuthentication.Client", "BlazorTemplateWithAuthentication\Client\BlazorTemplateWithAuthentication.Client.csproj", "{89A1AA90-1140-43D3-8DC2-607149D4B96D}"
EndProject
Project("{FAE04EC0-301F-11D3-BF4B-00C04F79EFBC}") = "BlazorTemplateWithAuthentication.Shared", "BlazorTemplateWithAuthentication\Shared\BlazorTemplateWithAuthentication.Shared.csproj", "{C4E12BBF-5E3C-4BB1-9B85-973E7214BC1D}"
EndProject
Global
	GlobalSection(SolutionConfigurationPlatforms) = preSolution
		Debug|Any CPU = Debug|Any CPU
		Release|Any CPU = Release|Any CPU
	EndGlobalSection
	GlobalSection(ProjectConfigurationPlatforms) = postSolution
		{C5766C43-FACB-44E8-89B1-6361B919300E}.Debug|Any CPU.ActiveCfg = Debug|Any CPU
		{C5766C43-FACB-44E8-89B1-6361B919300E}.Debug|Any CPU.Build.0 = Debug|Any CPU
		{C5766C43-FACB-44E8-89B1-6361B919300E}.Release|Any CPU.ActiveCfg = Release|Any CPU
		{C5766C43-FACB-44E8-89B1-6361B919300E}.Release|Any CPU.Build.0 = Release|Any CPU
		{89A1AA90-1140-43D3-8DC2-607149D4B96D}.Debug|Any CPU.ActiveCfg = Debug|Any CPU
		{89A1AA90-1140-43D3-8DC2-607149D4B96D}.Debug|Any CPU.Build.0 = Debug|Any CPU
		{89A1AA90-1140-43D3-8DC2-607149D4B96D}.Release|Any CPU.ActiveCfg = Release|Any CPU
		{89A1AA90-1140-43D3-8DC2-607149D4B96D}.Release|Any CPU.Build.0 = Release|Any CPU
		{C4E12BBF-5E3C-4BB1-9B85-973E7214BC1D}.Debug|Any CPU.ActiveCfg = Debug|Any CPU
		{C4E12BBF-5E3C-4BB1-9B85-973E7214BC1D}.Debug|Any CPU.Build.0 = Debug|Any CPU
		{C4E12BBF-5E3C-4BB1-9B85-973E7214BC1D}.Release|Any CPU.ActiveCfg = Release|Any CPU
		{C4E12BBF-5E3C-4BB1-9B85-973E7214BC1D}.Release|Any CPU.Build.0 = Release|Any CPU
	EndGlobalSection
	GlobalSection(SolutionProperties) = preSolution
		HideSolutionNode = FALSE
	EndGlobalSection
	GlobalSection(ExtensibilityGlobals) = postSolution
		SolutionGuid = {A3992345-7272-4868-B78C-858B1EA03F8B}
	EndGlobalSection
EndGlobal
